
Microsoft Visual Studio Solution File, Format Version 12.00
# Visual Studio 15
VisualStudioVersion = 15.0.27703.2026
MinimumVisualStudioVersion = 10.0.40219.1
Project("{FAE04EC0-301F-11D3-BF4B-00C04F79EFBC}") = "CarisX", "CarisX\CarisX.csproj", "{1FD3D900-2747-4DB0-9858-9A4C46DA4D5E}"
EndProject
Project("{FAE04EC0-301F-11D3-BF4B-00C04F79EFBC}") = "Common", "..\Common\Common.csproj", "{FEBB568B-C9A8-46AE-85CC-3F74030DE53E}"
EndProject
Global
	GlobalSection(SolutionConfigurationPlatforms) = preSolution
		Debug_caris|Any CPU = Debug_caris|Any CPU
		Debug_caris|Mixed Platforms = Debug_caris|Mixed Platforms
		Debug_caris|x86 = Debug_caris|x86
		Debug|Any CPU = Debug|Any CPU
		Debug|Mixed Platforms = Debug|Mixed Platforms
		Debug|x86 = Debug|x86
		Release|Any CPU = Release|Any CPU
		Release|Mixed Platforms = Release|Mixed Platforms
		Release|x86 = Release|x86
	EndGlobalSection
	GlobalSection(ProjectConfigurationPlatforms) = postSolution
		{1FD3D900-2747-4DB0-9858-9A4C46DA4D5E}.Debug_caris|Any CPU.ActiveCfg = Debug|x86
		{1FD3D900-2747-4DB0-9858-9A4C46DA4D5E}.Debug_caris|Mixed Platforms.ActiveCfg = Debug_caris|x86
		{1FD3D900-2747-4DB0-9858-9A4C46DA4D5E}.Debug_caris|Mixed Platforms.Build.0 = Debug_caris|x86
		{1FD3D900-2747-4DB0-9858-9A4C46DA4D5E}.Debug_caris|x86.ActiveCfg = Debug|x86
		{1FD3D900-2747-4DB0-9858-9A4C46DA4D5E}.Debug_caris|x86.Build.0 = Debug|x86
		{1FD3D900-2747-4DB0-9858-9A4C46DA4D5E}.Debug|Any CPU.ActiveCfg = Debug|x86
		{1FD3D900-2747-4DB0-9858-9A4C46DA4D5E}.Debug|Mixed Platforms.ActiveCfg = Debug|x86
		{1FD3D900-2747-4DB0-9858-9A4C46DA4D5E}.Debug|Mixed Platforms.Build.0 = Debug|x86
		{1FD3D900-2747-4DB0-9858-9A4C46DA4D5E}.Debug|x86.ActiveCfg = Debug|x86
		{1FD3D900-2747-4DB0-9858-9A4C46DA4D5E}.Debug|x86.Build.0 = Debug|x86
		{1FD3D900-2747-4DB0-9858-9A4C46DA4D5E}.Release|Any CPU.ActiveCfg = Release|x86
		{1FD3D900-2747-4DB0-9858-9A4C46DA4D5E}.Release|Mixed Platforms.ActiveCfg = Release|x64
		{1FD3D900-2747-4DB0-9858-9A4C46DA4D5E}.Release|Mixed Platforms.Build.0 = Release|x64
		{1FD3D900-2747-4DB0-9858-9A4C46DA4D5E}.Release|x86.ActiveCfg = Release|x86
		{1FD3D900-2747-4DB0-9858-9A4C46DA4D5E}.Release|x86.Build.0 = Release|x86
		{FEBB568B-C9A8-46AE-85CC-3F74030DE53E}.Debug_caris|Any CPU.ActiveCfg = Debug_caris|Any CPU
		{FEBB568B-C9A8-46AE-85CC-3F74030DE53E}.Debug_caris|Any CPU.Build.0 = Debug_caris|Any CPU
		{FEBB568B-C9A8-46AE-85CC-3F74030DE53E}.Debug_caris|Mixed Platforms.ActiveCfg = Debug_caris|Any CPU
		{FEBB568B-C9A8-46AE-85CC-3F74030DE53E}.Debug_caris|Mixed Platforms.Build.0 = Debug_caris|Any CPU
		{FEBB568B-C9A8-46AE-85CC-3F74030DE53E}.Debug_caris|x86.ActiveCfg = Debug_caris|Any CPU
		{FEBB568B-C9A8-46AE-85CC-3F74030DE53E}.Debug|Any CPU.ActiveCfg = Debug|Any CPU
		{FEBB568B-C9A8-46AE-85CC-3F74030DE53E}.Debug|Any CPU.Build.0 = Debug|Any CPU
		{FEBB568B-C9A8-46AE-85CC-3F74030DE53E}.Debug|Mixed Platforms.ActiveCfg = Debug|Any CPU
		{FEBB568B-C9A8-46AE-85CC-3F74030DE53E}.Debug|Mixed Platforms.Build.0 = Debug|Any CPU
		{FEBB568B-C9A8-46AE-85CC-3F74030DE53E}.Debug|x86.ActiveCfg = Debug|Any CPU
		{FEBB568B-C9A8-46AE-85CC-3F74030DE53E}.Debug|x86.Build.0 = Debug|Any CPU
		{FEBB568B-C9A8-46AE-85CC-3F74030DE53E}.Release|Any CPU.ActiveCfg = Release|Any CPU
		{FEBB568B-C9A8-46AE-85CC-3F74030DE53E}.Release|Any CPU.Build.0 = Release|Any CPU
		{FEBB568B-C9A8-46AE-85CC-3F74030DE53E}.Release|Mixed Platforms.ActiveCfg = Release|x64
		{FEBB568B-C9A8-46AE-85CC-3F74030DE53E}.Release|Mixed Platforms.Build.0 = Release|x64
		{FEBB568B-C9A8-46AE-85CC-3F74030DE53E}.Release|x86.ActiveCfg = Release|Any CPU
	EndGlobalSection
	GlobalSection(SolutionProperties) = preSolution
		HideSolutionNode = FALSE
	EndGlobalSection
	GlobalSection(ExtensibilityGlobals) = postSolution
		SolutionGuid = {3175EFFE-230B-4CC0-9A8D-69D338F91283}
	EndGlobalSection
	GlobalSection(SubversionScc) = preSolution
		Svn-Managed = True
		Manager = AnkhSVN - Subversion Support for Visual Studio
	EndGlobalSection
EndGlobal
